
Microsoft Visual Studio Solution File, Format Version 12.00
# Visual Studio 15
Project("{FAE04EC0-301F-11D3-BF4B-00C04F79EFBC}") = "TodoList", "TodoList.csproj", "{CAB79817-8004-4A61-BAE5-7EA876083CB4}"
EndProject
Project("{FAE04EC0-301F-11D3-BF4B-00C04F79EFBC}") = "TodoList.Test", "TodoList.Test\TodoList.Test.csproj", "{069593FA-E64A-4B15-9126-83CAC57021B9}"
EndProject
Global
	GlobalSection(SolutionConfigurationPlatforms) = preSolution
		Debug|Any CPU = Debug|Any CPU
		Release|Any CPU = Release|Any CPU
	EndGlobalSection
	GlobalSection(ProjectConfigurationPlatforms) = postSolution
		{CAB79817-8004-4A61-BAE5-7EA876083CB4}.Debug|Any CPU.ActiveCfg = Debug|Any CPU
		{CAB79817-8004-4A61-BAE5-7EA876083CB4}.Debug|Any CPU.Build.0 = Debug|Any CPU
		{CAB79817-8004-4A61-BAE5-7EA876083CB4}.Release|Any CPU.ActiveCfg = Release|Any CPU
		{CAB79817-8004-4A61-BAE5-7EA876083CB4}.Release|Any CPU.Build.0 = Release|Any CPU
		{069593FA-E64A-4B15-9126-83CAC57021B9}.Debug|Any CPU.ActiveCfg = Debug|Any CPU
		{069593FA-E64A-4B15-9126-83CAC57021B9}.Debug|Any CPU.Build.0 = Debug|Any CPU
		{069593FA-E64A-4B15-9126-83CAC57021B9}.Release|Any CPU.ActiveCfg = Release|Any CPU
		{069593FA-E64A-4B15-9126-83CAC57021B9}.Release|Any CPU.Build.0 = Release|Any CPU
	EndGlobalSection
EndGlobal
